
Microsoft Visual Studio Solution File, Format Version 12.00
# Visual Studio Version 16
VisualStudioVersion = 16.0.28803.916
MinimumVisualStudioVersion = 10.0.40219.1
Project("{FAE04EC0-301F-11D3-BF4B-00C04F79EFBC}") = "DevCode.webapp", "DevCode.webapp\DevCode.webapp.csproj", "{974B0ACF-2A26-431F-94DE-39C950AE0D6F}"
EndProject
Global
	GlobalSection(SolutionConfigurationPlatforms) = preSolution
		Debug|Any CPU = Debug|Any CPU
		Release|Any CPU = Release|Any CPU
	EndGlobalSection
	GlobalSection(ProjectConfigurationPlatforms) = postSolution
		{974B0ACF-2A26-431F-94DE-39C950AE0D6F}.Debug|Any CPU.ActiveCfg = Debug|Any CPU
		{974B0ACF-2A26-431F-94DE-39C950AE0D6F}.Debug|Any CPU.Build.0 = Debug|Any CPU
		{974B0ACF-2A26-431F-94DE-39C950AE0D6F}.Release|Any CPU.ActiveCfg = Release|Any CPU
		{974B0ACF-2A26-431F-94DE-39C950AE0D6F}.Release|Any CPU.Build.0 = Release|Any CPU
	EndGlobalSection
	GlobalSection(SolutionProperties) = preSolution
		HideSolutionNode = FALSE
	EndGlobalSection
	GlobalSection(ExtensibilityGlobals) = postSolution
		SolutionGuid = {F589F99B-CE81-48C1-B2D2-6B08ED3AA18C}
	EndGlobalSection
EndGlobal
